// !$*UTF8*$!
{
	archiveVersion = 1;
	classes = {
	};
	objectVersion = 50;
	objects = {

/* Begin PBXBuildFile section */
		2D06B57C219E841300E4A453 /* Localizable.strings in Resources */ = {isa = PBXBuildFile; fileRef = 2D06B57E219E841300E4A453 /* Localizable.strings */; };
		2D08FE2B222A59F10066949C /* DataSync.swift in Sources */ = {isa = PBXBuildFile; fileRef = 2D08FE29222A59F10066949C /* DataSync.swift */; };
		2D08FE30222A5C630066949C /* CloudKit.framework in Frameworks */ = {isa = PBXBuildFile; fileRef = 2D08FE2F222A5C630066949C /* CloudKit.framework */; };
		2D17FB9423F426D000BF5620 /* ProxyFind.swift in Sources */ = {isa = PBXBuildFile; fileRef = 2D17FB9323F426D000BF5620 /* ProxyFind.swift */; };
		2D17FB9523F4276400BF5620 /* apikey.plist in Resources */ = {isa = PBXBuildFile; fileRef = 2D446A7C22E77A65001ECFA0 /* apikey.plist */; };
		2D28708A21974B250050CFDD /* HelpViewController.swift in Sources */ = {isa = PBXBuildFile; fileRef = 2D28708921974B250050CFDD /* HelpViewController.swift */; };
		2D28708D21975AAC0050CFDD /* AboutController.swift in Sources */ = {isa = PBXBuildFile; fileRef = 2D28708B21975AAC0050CFDD /* AboutController.swift */; };
		2D2C200C23E3FAD20030F433 /* StatisticsController.swift in Sources */ = {isa = PBXBuildFile; fileRef = 2D2C200A23E3FAD20030F433 /* StatisticsController.swift */; };
		2D3CA07B2235238300D5D531 /* BookMarkTableView.swift in Sources */ = {isa = PBXBuildFile; fileRef = 2D3CA0792235238300D5D531 /* BookMarkTableView.swift */; };
		2D3F8FA6218586290095ACD7 /* AppDelegate.swift in Sources */ = {isa = PBXBuildFile; fileRef = 2D3F8FA5218586290095ACD7 /* AppDelegate.swift */; };
		2D3F8FA8218586290095ACD7 /* ViewController.swift in Sources */ = {isa = PBXBuildFile; fileRef = 2D3F8FA7218586290095ACD7 /* ViewController.swift */; };
		2D3F8FAB218586290095ACD7 /* libHelper.xcdatamodeld in Sources */ = {isa = PBXBuildFile; fileRef = 2D3F8FA9218586290095ACD7 /* libHelper.xcdatamodeld */; };
		2D3F8FAD218586290095ACD7 /* Assets.xcassets in Resources */ = {isa = PBXBuildFile; fileRef = 2D3F8FAC218586290095ACD7 /* Assets.xcassets */; };
		2D3F8FB0218586290095ACD7 /* Main.storyboard in Resources */ = {isa = PBXBuildFile; fileRef = 2D3F8FAE218586290095ACD7 /* Main.storyboard */; };
		2D3F8FBF2185863C0095ACD7 /* Cocoa.framework in Frameworks */ = {isa = PBXBuildFile; fileRef = 2D3F8FBE2185863C0095ACD7 /* Cocoa.framework */; };
		2D3F8FC22185863C0095ACD7 /* SafariExtensionHandler.swift in Sources */ = {isa = PBXBuildFile; fileRef = 2D3F8FC12185863C0095ACD7 /* SafariExtensionHandler.swift */; };
		2D3F8FC42185863C0095ACD7 /* SafariExtensionViewController.swift in Sources */ = {isa = PBXBuildFile; fileRef = 2D3F8FC32185863C0095ACD7 /* SafariExtensionViewController.swift */; };
		2D3F8FC72185863C0095ACD7 /* SafariExtensionViewController.xib in Resources */ = {isa = PBXBuildFile; fileRef = 2D3F8FC52185863C0095ACD7 /* SafariExtensionViewController.xib */; };
		2D3F8FCA2185863C0095ACD7 /* script.js in Resources */ = {isa = PBXBuildFile; fileRef = 2D3F8FC92185863C0095ACD7 /* script.js */; };
		2D3F8FCC2185863C0095ACD7 /* ToolbarItemIcon.pdf in Resources */ = {isa = PBXBuildFile; fileRef = 2D3F8FCB2185863C0095ACD7 /* ToolbarItemIcon.pdf */; };
		2D3F8FD02185863C0095ACD7 /* Open Access Helper Safari.appex in Embed App Extensions */ = {isa = PBXBuildFile; fileRef = 2D3F8FBC2185863C0095ACD7 /* Open Access Helper Safari.appex */; settings = {ATTRIBUTES = (RemoveHeadersOnCopy, ); }; };
		2D3F8FD62185867F0095ACD7 /* mycss.css in Resources */ = {isa = PBXBuildFile; fileRef = 2D3F8FD52185867F0095ACD7 /* mycss.css */; };
		2D446A7D22E77A65001ECFA0 /* apikey.plist in Resources */ = {isa = PBXBuildFile; fileRef = 2D446A7C22E77A65001ECFA0 /* apikey.plist */; };
		2D63EE8B233739890086BBA2 /* MainWindowController.swift in Sources */ = {isa = PBXBuildFile; fileRef = 2D63EE89233739890086BBA2 /* MainWindowController.swift */; };
		2D63EE8E23375CA10086BBA2 /* TouchBarIdentifiers.swift in Sources */ = {isa = PBXBuildFile; fileRef = 2D63EE8D23375CA10086BBA2 /* TouchBarIdentifiers.swift */; };
		2D643FCC23001F5B00A4FA14 /* SettingsController.swift in Sources */ = {isa = PBXBuildFile; fileRef = 2D643FCA23001F5B00A4FA14 /* SettingsController.swift */; };
		2D643FD0230020A800A4FA14 /* Preferences.swift in Sources */ = {isa = PBXBuildFile; fileRef = 2D643FCE230020A800A4FA14 /* Preferences.swift */; };
		2D643FD1230020A800A4FA14 /* Preferences.swift in Sources */ = {isa = PBXBuildFile; fileRef = 2D643FCE230020A800A4FA14 /* Preferences.swift */; };
		2D643FD5230058A300A4FA14 /* ask.png in Resources */ = {isa = PBXBuildFile; fileRef = 2D643FD4230058A300A4FA14 /* ask.png */; };
		2D643FD6230058A300A4FA14 /* ask.png in Resources */ = {isa = PBXBuildFile; fileRef = 2D643FD4230058A300A4FA14 /* ask.png */; };
		2D655F1221A0036F0092E480 /* Localizable.strings in Resources */ = {isa = PBXBuildFile; fileRef = 2D655F1421A0036F0092E480 /* Localizable.strings */; };
		2D924383219E7DCA000E8F74 /* InfoPlist.strings in Resources */ = {isa = PBXBuildFile; fileRef = 2D924381219E7DCA000E8F74 /* InfoPlist.strings */; };
		2D924386219E7DCA000E8F74 /* InfoPlist.strings in Resources */ = {isa = PBXBuildFile; fileRef = 2D924384219E7DCA000E8F74 /* InfoPlist.strings */; };
		2DAF938B23E15DAA0023FC51 /* EZProxyController.swift in Sources */ = {isa = PBXBuildFile; fileRef = 2DAF938923E15DAA0023FC51 /* EZProxyController.swift */; };
		2DC3AC0823FD54E000D41DF7 /* StatisticSubmit.swift in Sources */ = {isa = PBXBuildFile; fileRef = 2DC3AC0723FD54E000D41DF7 /* StatisticSubmit.swift */; };
		2DC3AC0923FD5C7F00D41DF7 /* StatisticSubmit.swift in Sources */ = {isa = PBXBuildFile; fileRef = 2DC3AC0723FD54E000D41DF7 /* StatisticSubmit.swift */; };
		2DC8627C23C23330007DF1AA /* core_logo.svg in Resources */ = {isa = PBXBuildFile; fileRef = 2DC8627B23C23330007DF1AA /* core_logo.svg */; };
		2DD336A723C1A3C6004A34C5 /* recom.png in Resources */ = {isa = PBXBuildFile; fileRef = 2DD336A623C1A3C6004A34C5 /* recom.png */; };
		2DD336A923C1B025004A34C5 /* Extensions.swift in Sources */ = {isa = PBXBuildFile; fileRef = 2DD336A823C1B025004A34C5 /* Extensions.swift */; };
		2DD336AB23C1B038004A34C5 /* Structs.swift in Sources */ = {isa = PBXBuildFile; fileRef = 2DD336AA23C1B038004A34C5 /* Structs.swift */; };
		2DD336AD23C1C6FA004A34C5 /* loader.gif in Resources */ = {isa = PBXBuildFile; fileRef = 2DD336AC23C1C6FA004A34C5 /* loader.gif */; };
		2DF38072218D8BC200CF2A45 /* sec30.png in Resources */ = {isa = PBXBuildFile; fileRef = 2DF38071218D8BC100CF2A45 /* sec30.png */; };
		2DF38078218DAC0D00CF2A45 /* oa_100.pdf in Resources */ = {isa = PBXBuildFile; fileRef = 2DF38077218DAC0D00CF2A45 /* oa_100.pdf */; };
		2DF3807A218DB78700CF2A45 /* oa_100a.pdf in Resources */ = {isa = PBXBuildFile; fileRef = 2DF38079218DB78600CF2A45 /* oa_100a.pdf */; };
		2DF915FF245EA3A2002E49CE /* ocicon.png in Resources */ = {isa = PBXBuildFile; fileRef = 2DF915FE245EA3A1002E49CE /* ocicon.png */; };
		2DF91600245EA3A2002E49CE /* ocicon.png in Resources */ = {isa = PBXBuildFile; fileRef = 2DF915FE245EA3A1002E49CE /* ocicon.png */; };
		2DFE4F4023B732D7006CF1AB /* BartyCrouch.swift in Sources */ = {isa = PBXBuildFile; fileRef = 2DFE4F3F23B732D7006CF1AB /* BartyCrouch.swift */; };
		2DFE4F4123B732D7006CF1AB /* BartyCrouch.swift in Sources */ = {isa = PBXBuildFile; fileRef = 2DFE4F3F23B732D7006CF1AB /* BartyCrouch.swift */; };
/* End PBXBuildFile section */

/* Begin PBXContainerItemProxy section */
		2D3F8FCE2185863C0095ACD7 /* PBXContainerItemProxy */ = {
			isa = PBXContainerItemProxy;
			containerPortal = 2D3F8F9A218586290095ACD7 /* Project object */;
			proxyType = 1;
			remoteGlobalIDString = 2D3F8FBB2185863C0095ACD7;
			remoteInfo = "libHelper Safari";
		};
/* End PBXContainerItemProxy section */

/* Begin PBXCopyFilesBuildPhase section */
		2D3F8FD42185863C0095ACD7 /* Embed App Extensions */ = {
			isa = PBXCopyFilesBuildPhase;
			buildActionMask = 2147483647;
			dstPath = "";
			dstSubfolderSpec = 13;
			files = (
				2D3F8FD02185863C0095ACD7 /* Open Access Helper Safari.appex in Embed App Extensions */,
			);
			name = "Embed App Extensions";
			runOnlyForDeploymentPostprocessing = 0;
		};
/* End PBXCopyFilesBuildPhase section */

/* Begin PBXFileReference section */
		2D06B57D219E841300E4A453 /* de */ = {isa = PBXFileReference; lastKnownFileType = text.plist.strings; name = de; path = de.lproj/Localizable.strings; sourceTree = "<group>"; };
		2D08FE29222A59F10066949C /* DataSync.swift */ = {isa = PBXFileReference; lastKnownFileType = sourcecode.swift; path = DataSync.swift; sourceTree = "<group>"; };
		2D08FE2F222A5C630066949C /* CloudKit.framework */ = {isa = PBXFileReference; lastKnownFileType = wrapper.framework; name = CloudKit.framework; path = System/Library/Frameworks/CloudKit.framework; sourceTree = SDKROOT; };
		2D17FB9323F426D000BF5620 /* ProxyFind.swift */ = {isa = PBXFileReference; lastKnownFileType = sourcecode.swift; path = ProxyFind.swift; sourceTree = "<group>"; };
		2D28708921974B250050CFDD /* HelpViewController.swift */ = {isa = PBXFileReference; lastKnownFileType = sourcecode.swift; path = HelpViewController.swift; sourceTree = "<group>"; };
		2D28708B21975AAC0050CFDD /* AboutController.swift */ = {isa = PBXFileReference; lastKnownFileType = sourcecode.swift; path = AboutController.swift; sourceTree = "<group>"; };
		2D2C200A23E3FAD20030F433 /* StatisticsController.swift */ = {isa = PBXFileReference; lastKnownFileType = sourcecode.swift; path = StatisticsController.swift; sourceTree = "<group>"; };
		2D3A5620248F508B005BD876 /* fr */ = {isa = PBXFileReference; lastKnownFileType = text.plist.strings; name = fr; path = fr.lproj/Main.strings; sourceTree = "<group>"; };
		2D3A5621248F508B005BD876 /* fr */ = {isa = PBXFileReference; lastKnownFileType = text.plist.strings; name = fr; path = fr.lproj/SafariExtensionViewController.strings; sourceTree = "<group>"; };
		2D3A5622248F508B005BD876 /* fr */ = {isa = PBXFileReference; lastKnownFileType = text.plist.strings; name = fr; path = fr.lproj/InfoPlist.strings; sourceTree = "<group>"; };
		2D3A5623248F508B005BD876 /* fr */ = {isa = PBXFileReference; lastKnownFileType = text.plist.strings; name = fr; path = fr.lproj/Localizable.strings; sourceTree = "<group>"; };
		2D3A5624248F508B005BD876 /* fr */ = {isa = PBXFileReference; lastKnownFileType = text.plist.strings; name = fr; path = fr.lproj/InfoPlist.strings; sourceTree = "<group>"; };
		2D3A5625248F508B005BD876 /* fr */ = {isa = PBXFileReference; lastKnownFileType = text.plist.strings; name = fr; path = fr.lproj/Localizable.strings; sourceTree = "<group>"; };
		2D3CA0792235238300D5D531 /* BookMarkTableView.swift */ = {isa = PBXFileReference; lastKnownFileType = sourcecode.swift; path = BookMarkTableView.swift; sourceTree = "<group>"; };
		2D3F8FA2218586290095ACD7 /* Open Access Helper.app */ = {isa = PBXFileReference; explicitFileType = wrapper.application; includeInIndex = 0; path = "Open Access Helper.app"; sourceTree = BUILT_PRODUCTS_DIR; };
		2D3F8FA5218586290095ACD7 /* AppDelegate.swift */ = {isa = PBXFileReference; lastKnownFileType = sourcecode.swift; path = AppDelegate.swift; sourceTree = "<group>"; };
		2D3F8FA7218586290095ACD7 /* ViewController.swift */ = {isa = PBXFileReference; lastKnownFileType = sourcecode.swift; path = ViewController.swift; sourceTree = "<group>"; };
		2D3F8FAA218586290095ACD7 /* libHelper.xcdatamodel */ = {isa = PBXFileReference; lastKnownFileType = wrapper.xcdatamodel; path = libHelper.xcdatamodel; sourceTree = "<group>"; };
		2D3F8FAC218586290095ACD7 /* Assets.xcassets */ = {isa = PBXFileReference; lastKnownFileType = folder.assetcatalog; path = Assets.xcassets; sourceTree = "<group>"; };
		2D3F8FAF218586290095ACD7 /* Base */ = {isa = PBXFileReference; lastKnownFileType = file.storyboard; name = Base; path = Base.lproj/Main.storyboard; sourceTree = "<group>"; };
		2D3F8FB1218586290095ACD7 /* Info.plist */ = {isa = PBXFileReference; lastKnownFileType = text.plist.xml; path = Info.plist; sourceTree = "<group>"; };
		2D3F8FB2218586290095ACD7 /* libHelper.entitlements */ = {isa = PBXFileReference; lastKnownFileType = text.plist.entitlements; path = libHelper.entitlements; sourceTree = "<group>"; };
		2D3F8FBC2185863C0095ACD7 /* Open Access Helper Safari.appex */ = {isa = PBXFileReference; explicitFileType = "wrapper.app-extension"; includeInIndex = 0; path = "Open Access Helper Safari.appex"; sourceTree = BUILT_PRODUCTS_DIR; };
		2D3F8FBE2185863C0095ACD7 /* Cocoa.framework */ = {isa = PBXFileReference; lastKnownFileType = wrapper.framework; name = Cocoa.framework; path = System/Library/Frameworks/Cocoa.framework; sourceTree = SDKROOT; };
		2D3F8FC12185863C0095ACD7 /* SafariExtensionHandler.swift */ = {isa = PBXFileReference; lastKnownFileType = sourcecode.swift; path = SafariExtensionHandler.swift; sourceTree = "<group>"; };
		2D3F8FC32185863C0095ACD7 /* SafariExtensionViewController.swift */ = {isa = PBXFileReference; lastKnownFileType = sourcecode.swift; path = SafariExtensionViewController.swift; sourceTree = "<group>"; };
		2D3F8FC62185863C0095ACD7 /* Base */ = {isa = PBXFileReference; lastKnownFileType = file.xib; name = Base; path = Base.lproj/SafariExtensionViewController.xib; sourceTree = "<group>"; };
		2D3F8FC82185863C0095ACD7 /* Info.plist */ = {isa = PBXFileReference; lastKnownFileType = text.plist.xml; path = Info.plist; sourceTree = "<group>"; };
		2D3F8FC92185863C0095ACD7 /* script.js */ = {isa = PBXFileReference; lastKnownFileType = sourcecode.javascript; path = script.js; sourceTree = "<group>"; };
		2D3F8FCB2185863C0095ACD7 /* ToolbarItemIcon.pdf */ = {isa = PBXFileReference; lastKnownFileType = image.pdf; path = ToolbarItemIcon.pdf; sourceTree = "<group>"; };
		2D3F8FD52185867F0095ACD7 /* mycss.css */ = {isa = PBXFileReference; lastKnownFileType = text.css; path = mycss.css; sourceTree = "<group>"; };
		2D3F8FD721858AD10095ACD7 /* libHelper Safari.entitlements */ = {isa = PBXFileReference; lastKnownFileType = text.plist.entitlements; path = "libHelper Safari.entitlements"; sourceTree = "<group>"; };
		2D446A7C22E77A65001ECFA0 /* apikey.plist */ = {isa = PBXFileReference; lastKnownFileType = text.plist.xml; path = apikey.plist; sourceTree = "<group>"; };
		2D63EE89233739890086BBA2 /* MainWindowController.swift */ = {isa = PBXFileReference; lastKnownFileType = sourcecode.swift; path = MainWindowController.swift; sourceTree = "<group>"; };
		2D63EE8D23375CA10086BBA2 /* TouchBarIdentifiers.swift */ = {isa = PBXFileReference; lastKnownFileType = sourcecode.swift; path = TouchBarIdentifiers.swift; sourceTree = "<group>"; };
		2D643FCA23001F5B00A4FA14 /* SettingsController.swift */ = {isa = PBXFileReference; lastKnownFileType = sourcecode.swift; path = SettingsController.swift; sourceTree = "<group>"; };
		2D643FCE230020A800A4FA14 /* Preferences.swift */ = {isa = PBXFileReference; lastKnownFileType = sourcecode.swift; path = Preferences.swift; sourceTree = "<group>"; };
		2D643FD4230058A300A4FA14 /* ask.png */ = {isa = PBXFileReference; lastKnownFileType = image.png; path = ask.png; sourceTree = "<group>"; };
		2D655F1321A0036F0092E480 /* de */ = {isa = PBXFileReference; lastKnownFileType = text.plist.strings; name = de; path = de.lproj/Localizable.strings; sourceTree = "<group>"; };
		2D924380219E790B000E8F74 /* de */ = {isa = PBXFileReference; lastKnownFileType = text.plist.strings; name = de; path = de.lproj/SafariExtensionViewController.strings; sourceTree = "<group>"; };
		2D924382219E7DCA000E8F74 /* de */ = {isa = PBXFileReference; lastKnownFileType = text.plist.strings; name = de; path = de.lproj/InfoPlist.strings; sourceTree = "<group>"; };
		2D924385219E7DCA000E8F74 /* de */ = {isa = PBXFileReference; lastKnownFileType = text.plist.strings; name = de; path = de.lproj/InfoPlist.strings; sourceTree = "<group>"; };
		2DAF938923E15DAA0023FC51 /* EZProxyController.swift */ = {isa = PBXFileReference; lastKnownFileType = sourcecode.swift; path = EZProxyController.swift; sourceTree = "<group>"; };
		2DC3AC0723FD54E000D41DF7 /* StatisticSubmit.swift */ = {isa = PBXFileReference; lastKnownFileType = sourcecode.swift; path = StatisticSubmit.swift; sourceTree = "<group>"; };
		2DC8627B23C23330007DF1AA /* core_logo.svg */ = {isa = PBXFileReference; fileEncoding = 4; lastKnownFileType = text; path = core_logo.svg; sourceTree = "<group>"; };
		2DC9ED7A230729B80074D067 /* de */ = {isa = PBXFileReference; lastKnownFileType = text.plist.strings; name = de; path = de.lproj/Main.strings; sourceTree = "<group>"; };
		2DD336A623C1A3C6004A34C5 /* recom.png */ = {isa = PBXFileReference; lastKnownFileType = image.png; path = recom.png; sourceTree = "<group>"; };
		2DD336A823C1B025004A34C5 /* Extensions.swift */ = {isa = PBXFileReference; lastKnownFileType = sourcecode.swift; path = Extensions.swift; sourceTree = "<group>"; };
		2DD336AA23C1B038004A34C5 /* Structs.swift */ = {isa = PBXFileReference; lastKnownFileType = sourcecode.swift; path = Structs.swift; sourceTree = "<group>"; };
		2DD336AC23C1C6FA004A34C5 /* loader.gif */ = {isa = PBXFileReference; lastKnownFileType = image.gif; path = loader.gif; sourceTree = "<group>"; };
		2DF38071218D8BC100CF2A45 /* sec30.png */ = {isa = PBXFileReference; lastKnownFileType = image.png; path = sec30.png; sourceTree = "<group>"; };
		2DF38077218DAC0D00CF2A45 /* oa_100.pdf */ = {isa = PBXFileReference; lastKnownFileType = image.pdf; path = oa_100.pdf; sourceTree = "<group>"; };
		2DF38079218DB78600CF2A45 /* oa_100a.pdf */ = {isa = PBXFileReference; lastKnownFileType = image.pdf; path = oa_100a.pdf; sourceTree = "<group>"; };
		2DF915FE245EA3A1002E49CE /* ocicon.png */ = {isa = PBXFileReference; lastKnownFileType = image.png; path = ocicon.png; sourceTree = "<group>"; };
		2DFE4F3F23B732D7006CF1AB /* BartyCrouch.swift */ = {isa = PBXFileReference; lastKnownFileType = sourcecode.swift; path = BartyCrouch.swift; sourceTree = "<group>"; };
/* End PBXFileReference section */

/* Begin PBXFrameworksBuildPhase section */
		2D3F8F9F218586290095ACD7 /* Frameworks */ = {
			isa = PBXFrameworksBuildPhase;
			buildActionMask = 2147483647;
			files = (
				2D08FE30222A5C630066949C /* CloudKit.framework in Frameworks */,
			);
			runOnlyForDeploymentPostprocessing = 0;
		};
		2D3F8FB92185863C0095ACD7 /* Frameworks */ = {
			isa = PBXFrameworksBuildPhase;
			buildActionMask = 2147483647;
			files = (
				2D3F8FBF2185863C0095ACD7 /* Cocoa.framework in Frameworks */,
			);
			runOnlyForDeploymentPostprocessing = 0;
		};
/* End PBXFrameworksBuildPhase section */

/* Begin PBXGroup section */
		2D3F8F99218586290095ACD7 = {
			isa = PBXGroup;
			children = (
				2D3F8FA4218586290095ACD7 /* Open Access Helper */,
				2D3F8FC02185863C0095ACD7 /* Open Access Helper Safari */,
				2D3F8FBD2185863C0095ACD7 /* Frameworks */,
				2D3F8FA3218586290095ACD7 /* Products */,
			);
			sourceTree = "<group>";
		};
		2D3F8FA3218586290095ACD7 /* Products */ = {
			isa = PBXGroup;
			children = (
				2D3F8FA2218586290095ACD7 /* Open Access Helper.app */,
				2D3F8FBC2185863C0095ACD7 /* Open Access Helper Safari.appex */,
			);
			name = Products;
			sourceTree = "<group>";
		};
		2D3F8FA4218586290095ACD7 /* Open Access Helper */ = {
			isa = PBXGroup;
			children = (
				2D3F8FA5218586290095ACD7 /* AppDelegate.swift */,
				2D63EE89233739890086BBA2 /* MainWindowController.swift */,
				2D3F8FA7218586290095ACD7 /* ViewController.swift */,
				2D3CA0792235238300D5D531 /* BookMarkTableView.swift */,
				2D643FCA23001F5B00A4FA14 /* SettingsController.swift */,
				2DAF938923E15DAA0023FC51 /* EZProxyController.swift */,
				2D2C200A23E3FAD20030F433 /* StatisticsController.swift */,
				2D28708B21975AAC0050CFDD /* AboutController.swift */,
				2D28708921974B250050CFDD /* HelpViewController.swift */,
				2D08FE29222A59F10066949C /* DataSync.swift */,
				2D643FCE230020A800A4FA14 /* Preferences.swift */,
				2D3F8FAC218586290095ACD7 /* Assets.xcassets */,
				2D3F8FAE218586290095ACD7 /* Main.storyboard */,
				2D3F8FB1218586290095ACD7 /* Info.plist */,
				2D924384219E7DCA000E8F74 /* InfoPlist.strings */,
				2D3F8FB2218586290095ACD7 /* libHelper.entitlements */,
				2D3F8FA9218586290095ACD7 /* libHelper.xcdatamodeld */,
				2D06B57E219E841300E4A453 /* Localizable.strings */,
				2D63EE8D23375CA10086BBA2 /* TouchBarIdentifiers.swift */,
				2DFE4F3F23B732D7006CF1AB /* BartyCrouch.swift */,
				2D17FB9323F426D000BF5620 /* ProxyFind.swift */,
				2DC3AC0723FD54E000D41DF7 /* StatisticSubmit.swift */,
			);
			path = "Open Access Helper";
			sourceTree = "<group>";
		};
		2D3F8FBD2185863C0095ACD7 /* Frameworks */ = {
			isa = PBXGroup;
			children = (
				2D08FE2F222A5C630066949C /* CloudKit.framework */,
				2D3F8FBE2185863C0095ACD7 /* Cocoa.framework */,
			);
			name = Frameworks;
			sourceTree = "<group>";
		};
		2D3F8FC02185863C0095ACD7 /* Open Access Helper Safari */ = {
			isa = PBXGroup;
			children = (
				2D3F8FD721858AD10095ACD7 /* libHelper Safari.entitlements */,
				2D3F8FC12185863C0095ACD7 /* SafariExtensionHandler.swift */,
				2D3F8FC32185863C0095ACD7 /* SafariExtensionViewController.swift */,
				2DD336A823C1B025004A34C5 /* Extensions.swift */,
				2DD336AA23C1B038004A34C5 /* Structs.swift */,
				2D3F8FC52185863C0095ACD7 /* SafariExtensionViewController.xib */,
				2D3F8FC82185863C0095ACD7 /* Info.plist */,
				2D924381219E7DCA000E8F74 /* InfoPlist.strings */,
				2DF38077218DAC0D00CF2A45 /* oa_100.pdf */,
				2DF38079218DB78600CF2A45 /* oa_100a.pdf */,
				2DF38071218D8BC100CF2A45 /* sec30.png */,
				2DD336A623C1A3C6004A34C5 /* recom.png */,
				2D643FD4230058A300A4FA14 /* ask.png */,
				2DD336AC23C1C6FA004A34C5 /* loader.gif */,
				2DF915FE245EA3A1002E49CE /* ocicon.png */,
				2DC8627B23C23330007DF1AA /* core_logo.svg */,
				2D3F8FD52185867F0095ACD7 /* mycss.css */,
				2D3F8FC92185863C0095ACD7 /* script.js */,
				2D3F8FCB2185863C0095ACD7 /* ToolbarItemIcon.pdf */,
				2D655F1421A0036F0092E480 /* Localizable.strings */,
				2D446A7C22E77A65001ECFA0 /* apikey.plist */,
			);
			path = "Open Access Helper Safari";
			sourceTree = "<group>";
		};
/* End PBXGroup section */

/* Begin PBXNativeTarget section */
		2D3F8FA1218586290095ACD7 /* Open Access Helper */ = {
			isa = PBXNativeTarget;
			buildConfigurationList = 2D3F8FB5218586290095ACD7 /* Build configuration list for PBXNativeTarget "Open Access Helper" */;
			buildPhases = (
				2DF1F77C239BAFCF0045DD43 /* BartyCrouch */,
				2D3F8F9E218586290095ACD7 /* Sources */,
				2D3F8F9F218586290095ACD7 /* Frameworks */,
				2D3F8FA0218586290095ACD7 /* Resources */,
				2D3F8FD42185863C0095ACD7 /* Embed App Extensions */,
			);
			buildRules = (
			);
			dependencies = (
				2D3F8FCF2185863C0095ACD7 /* PBXTargetDependency */,
			);
			name = "Open Access Helper";
			productName = libHelper;
			productReference = 2D3F8FA2218586290095ACD7 /* Open Access Helper.app */;
			productType = "com.apple.product-type.application";
		};
		2D3F8FBB2185863C0095ACD7 /* Open Access Helper Safari */ = {
			isa = PBXNativeTarget;
			buildConfigurationList = 2D3F8FD12185863C0095ACD7 /* Build configuration list for PBXNativeTarget "Open Access Helper Safari" */;
			buildPhases = (
				2DF1F77D239BAFE70045DD43 /* BartyCrouch */,
				2D3F8FB82185863C0095ACD7 /* Sources */,
				2D3F8FB92185863C0095ACD7 /* Frameworks */,
				2D3F8FBA2185863C0095ACD7 /* Resources */,
			);
			buildRules = (
			);
			dependencies = (
			);
			name = "Open Access Helper Safari";
			productName = "libHelper Safari";
			productReference = 2D3F8FBC2185863C0095ACD7 /* Open Access Helper Safari.appex */;
			productType = "com.apple.product-type.app-extension";
		};
/* End PBXNativeTarget section */

/* Begin PBXProject section */
		2D3F8F9A218586290095ACD7 /* Project object */ = {
			isa = PBXProject;
			attributes = {
				LastSwiftUpdateCheck = 1000;
				LastUpgradeCheck = 1130;
				ORGANIZATIONNAME = "Claus Wolf";
				TargetAttributes = {
					2D3F8FA1218586290095ACD7 = {
						CreatedOnToolsVersion = 10.0;
						LastSwiftMigration = 1020;
						SystemCapabilities = {
							com.apple.ApplicationGroups.Mac = {
								enabled = 1;
							};
							com.apple.Push = {
								enabled = 1;
							};
							com.apple.Sandbox = {
								enabled = 1;
							};
							com.apple.iCloud = {
								enabled = 1;
							};
						};
					};
					2D3F8FBB2185863C0095ACD7 = {
						CreatedOnToolsVersion = 10.0;
						LastSwiftMigration = 1020;
						SystemCapabilities = {
							com.apple.ApplicationGroups.Mac = {
								enabled = 1;
							};
							com.apple.Sandbox = {
								enabled = 1;
							};
						};
					};
				};
			};
			buildConfigurationList = 2D3F8F9D218586290095ACD7 /* Build configuration list for PBXProject "Open Access Helper" */;
			compatibilityVersion = "Xcode 9.3";
			developmentRegion = en;
			hasScannedForEncodings = 0;
			knownRegions = (
				en,
				Base,
				de,
				fr,
			);
			mainGroup = 2D3F8F99218586290095ACD7;
			productRefGroup = 2D3F8FA3218586290095ACD7 /* Products */;
			projectDirPath = "";
			projectRoot = "";
			targets = (
				2D3F8FA1218586290095ACD7 /* Open Access Helper */,
				2D3F8FBB2185863C0095ACD7 /* Open Access Helper Safari */,
			);
		};
/* End PBXProject section */

/* Begin PBXResourcesBuildPhase section */
		2D3F8FA0218586290095ACD7 /* Resources */ = {
			isa = PBXResourcesBuildPhase;
			buildActionMask = 2147483647;
			files = (
				2D3F8FAD218586290095ACD7 /* Assets.xcassets in Resources */,
				2DF915FF245EA3A2002E49CE /* ocicon.png in Resources */,
				2D17FB9523F4276400BF5620 /* apikey.plist in Resources */,
				2D643FD5230058A300A4FA14 /* ask.png in Resources */,
				2D06B57C219E841300E4A453 /* Localizable.strings in Resources */,
				2D924386219E7DCA000E8F74 /* InfoPlist.strings in Resources */,
				2D3F8FB0218586290095ACD7 /* Main.storyboard in Resources */,
			);
			runOnlyForDeploymentPostprocessing = 0;
		};
		2D3F8FBA2185863C0095ACD7 /* Resources */ = {
			isa = PBXResourcesBuildPhase;
			buildActionMask = 2147483647;
			files = (
				2DC8627C23C23330007DF1AA /* core_logo.svg in Resources */,
				2D3F8FCC2185863C0095ACD7 /* ToolbarItemIcon.pdf in Resources */,
				2D924383219E7DCA000E8F74 /* InfoPlist.strings in Resources */,
				2DF3807A218DB78700CF2A45 /* oa_100a.pdf in Resources */,
				2D3F8FC72185863C0095ACD7 /* SafariExtensionViewController.xib in Resources */,
				2D655F1221A0036F0092E480 /* Localizable.strings in Resources */,
				2DF38078218DAC0D00CF2A45 /* oa_100.pdf in Resources */,
				2DF91600245EA3A2002E49CE /* ocicon.png in Resources */,
				2D3F8FCA2185863C0095ACD7 /* script.js in Resources */,
				2DF38072218D8BC200CF2A45 /* sec30.png in Resources */,
				2D643FD6230058A300A4FA14 /* ask.png in Resources */,
				2D3F8FD62185867F0095ACD7 /* mycss.css in Resources */,
				2DD336A723C1A3C6004A34C5 /* recom.png in Resources */,
				2D446A7D22E77A65001ECFA0 /* apikey.plist in Resources */,
				2DD336AD23C1C6FA004A34C5 /* loader.gif in Resources */,
			);
			runOnlyForDeploymentPostprocessing = 0;
		};
/* End PBXResourcesBuildPhase section */

/* Begin PBXShellScriptBuildPhase section */
		2DF1F77C239BAFCF0045DD43 /* BartyCrouch */ = {
			isa = PBXShellScriptBuildPhase;
			buildActionMask = 2147483647;
			files = (
			);
			inputFileListPaths = (
			);
			inputPaths = (
			);
			name = BartyCrouch;
			outputFileListPaths = (
			);
			outputPaths = (
			);
			runOnlyForDeploymentPostprocessing = 0;
			shellPath = /bin/sh;
			shellScript = "# Type a script or drag a script file from your workspace to insert its path.\nif which bartycrouch > /dev/null; then\n    bartycrouch update -x\n    bartycrouch lint -x\nelse\n    echo \"warning: BartyCrouch not installed, download it from https://github.com/Flinesoft/BartyCrouch\"\nfi\n";
		};
		2DF1F77D239BAFE70045DD43 /* BartyCrouch */ = {
			isa = PBXShellScriptBuildPhase;
			buildActionMask = 2147483647;
			files = (
			);
			inputFileListPaths = (
			);
			inputPaths = (
			);
			name = BartyCrouch;
			outputFileListPaths = (
			);
			outputPaths = (
			);
			runOnlyForDeploymentPostprocessing = 0;
			shellPath = /bin/sh;
			shellScript = "# Type a script or drag a script file from your workspace to insert its path.\nif which bartycrouch > /dev/null; then\n    bartycrouch update -x\n    bartycrouch lint -x\nelse\n    echo \"warning: BartyCrouch not installed, download it from https://github.com/Flinesoft/BartyCrouch\"\nfi\n";
		};
/* End PBXShellScriptBuildPhase section */

/* Begin PBXSourcesBuildPhase section */
		2D3F8F9E218586290095ACD7 /* Sources */ = {
			isa = PBXSourcesBuildPhase;
			buildActionMask = 2147483647;
			files = (
				2D643FCC23001F5B00A4FA14 /* SettingsController.swift in Sources */,
				2D3F8FA8218586290095ACD7 /* ViewController.swift in Sources */,
				2DFE4F4023B732D7006CF1AB /* BartyCrouch.swift in Sources */,
				2D3CA07B2235238300D5D531 /* BookMarkTableView.swift in Sources */,
				2D2C200C23E3FAD20030F433 /* StatisticsController.swift in Sources */,
				2D28708D21975AAC0050CFDD /* AboutController.swift in Sources */,
				2D63EE8B233739890086BBA2 /* MainWindowController.swift in Sources */,
				2D08FE2B222A59F10066949C /* DataSync.swift in Sources */,
				2D17FB9423F426D000BF5620 /* ProxyFind.swift in Sources */,
				2D3F8FAB218586290095ACD7 /* libHelper.xcdatamodeld in Sources */,
				2D3F8FA6218586290095ACD7 /* AppDelegate.swift in Sources */,
				2D28708A21974B250050CFDD /* HelpViewController.swift in Sources */,
				2DC3AC0823FD54E000D41DF7 /* StatisticSubmit.swift in Sources */,
				2D63EE8E23375CA10086BBA2 /* TouchBarIdentifiers.swift in Sources */,
				2DAF938B23E15DAA0023FC51 /* EZProxyController.swift in Sources */,
				2D643FD0230020A800A4FA14 /* Preferences.swift in Sources */,
			);
			runOnlyForDeploymentPostprocessing = 0;
		};
		2D3F8FB82185863C0095ACD7 /* Sources */ = {
			isa = PBXSourcesBuildPhase;
			buildActionMask = 2147483647;
			files = (
				2DD336AB23C1B038004A34C5 /* Structs.swift in Sources */,
				2DC3AC0923FD5C7F00D41DF7 /* StatisticSubmit.swift in Sources */,
				2DD336A923C1B025004A34C5 /* Extensions.swift in Sources */,
				2D3F8FC42185863C0095ACD7 /* SafariExtensionViewController.swift in Sources */,
				2D3F8FC22185863C0095ACD7 /* SafariExtensionHandler.swift in Sources */,
				2DFE4F4123B732D7006CF1AB /* BartyCrouch.swift in Sources */,
				2D643FD1230020A800A4FA14 /* Preferences.swift in Sources */,
			);
			runOnlyForDeploymentPostprocessing = 0;
		};
/* End PBXSourcesBuildPhase section */

/* Begin PBXTargetDependency section */
		2D3F8FCF2185863C0095ACD7 /* PBXTargetDependency */ = {
			isa = PBXTargetDependency;
			target = 2D3F8FBB2185863C0095ACD7 /* Open Access Helper Safari */;
			targetProxy = 2D3F8FCE2185863C0095ACD7 /* PBXContainerItemProxy */;
		};
/* End PBXTargetDependency section */

/* Begin PBXVariantGroup section */
		2D06B57E219E841300E4A453 /* Localizable.strings */ = {
			isa = PBXVariantGroup;
			children = (
				2D06B57D219E841300E4A453 /* de */,
				2D3A5623248F508B005BD876 /* fr */,
			);
			name = Localizable.strings;
			sourceTree = "<group>";
		};
		2D3F8FAE218586290095ACD7 /* Main.storyboard */ = {
			isa = PBXVariantGroup;
			children = (
				2D3F8FAF218586290095ACD7 /* Base */,
				2DC9ED7A230729B80074D067 /* de */,
				2D3A5620248F508B005BD876 /* fr */,
			);
			name = Main.storyboard;
			sourceTree = "<group>";
		};
		2D3F8FC52185863C0095ACD7 /* SafariExtensionViewController.xib */ = {
			isa = PBXVariantGroup;
			children = (
				2D3F8FC62185863C0095ACD7 /* Base */,
				2D924380219E790B000E8F74 /* de */,
				2D3A5621248F508B005BD876 /* fr */,
			);
			name = SafariExtensionViewController.xib;
			sourceTree = "<group>";
		};
		2D655F1421A0036F0092E480 /* Localizable.strings */ = {
			isa = PBXVariantGroup;
			children = (
				2D655F1321A0036F0092E480 /* de */,
				2D3A5625248F508B005BD876 /* fr */,
			);
			name = Localizable.strings;
			sourceTree = "<group>";
		};
		2D924381219E7DCA000E8F74 /* InfoPlist.strings */ = {
			isa = PBXVariantGroup;
			children = (
				2D924382219E7DCA000E8F74 /* de */,
				2D3A5624248F508B005BD876 /* fr */,
			);
			name = InfoPlist.strings;
			sourceTree = "<group>";
		};
		2D924384219E7DCA000E8F74 /* InfoPlist.strings */ = {
			isa = PBXVariantGroup;
			children = (
				2D924385219E7DCA000E8F74 /* de */,
				2D3A5622248F508B005BD876 /* fr */,
			);
			name = InfoPlist.strings;
			sourceTree = "<group>";
		};
/* End PBXVariantGroup section */

/* Begin XCBuildConfiguration section */
		2D3F8FB3218586290095ACD7 /* Debug */ = {
			isa = XCBuildConfiguration;
			buildSettings = {
				ALWAYS_SEARCH_USER_PATHS = NO;
				CLANG_ANALYZER_LOCALIZABILITY_NONLOCALIZED = YES;
				CLANG_ANALYZER_NONNULL = YES;
				CLANG_ANALYZER_NUMBER_OBJECT_CONVERSION = YES_AGGRESSIVE;
				CLANG_CXX_LANGUAGE_STANDARD = "gnu++14";
				CLANG_CXX_LIBRARY = "libc++";
				CLANG_ENABLE_MODULES = YES;
				CLANG_ENABLE_OBJC_ARC = YES;
				CLANG_ENABLE_OBJC_WEAK = YES;
				CLANG_WARN_BLOCK_CAPTURE_AUTORELEASING = YES;
				CLANG_WARN_BOOL_CONVERSION = YES;
				CLANG_WARN_COMMA = YES;
				CLANG_WARN_CONSTANT_CONVERSION = YES;
				CLANG_WARN_DEPRECATED_OBJC_IMPLEMENTATIONS = YES;
				CLANG_WARN_DIRECT_OBJC_ISA_USAGE = YES_ERROR;
				CLANG_WARN_DOCUMENTATION_COMMENTS = YES;
				CLANG_WARN_EMPTY_BODY = YES;
				CLANG_WARN_ENUM_CONVERSION = YES;
				CLANG_WARN_INFINITE_RECURSION = YES;
				CLANG_WARN_INT_CONVERSION = YES;
				CLANG_WARN_NON_LITERAL_NULL_CONVERSION = YES;
				CLANG_WARN_OBJC_IMPLICIT_RETAIN_SELF = YES;
				CLANG_WARN_OBJC_LITERAL_CONVERSION = YES;
				CLANG_WARN_OBJC_ROOT_CLASS = YES_ERROR;
				CLANG_WARN_RANGE_LOOP_ANALYSIS = YES;
				CLANG_WARN_STRICT_PROTOTYPES = YES;
				CLANG_WARN_SUSPICIOUS_MOVE = YES;
				CLANG_WARN_UNGUARDED_AVAILABILITY = YES_AGGRESSIVE;
				CLANG_WARN_UNREACHABLE_CODE = YES;
				CLANG_WARN__DUPLICATE_METHOD_MATCH = YES;
				CODE_SIGN_IDENTITY = "Mac Developer";
				COPY_PHASE_STRIP = NO;
				DEBUG_INFORMATION_FORMAT = dwarf;
				ENABLE_STRICT_OBJC_MSGSEND = YES;
				ENABLE_TESTABILITY = YES;
				GCC_C_LANGUAGE_STANDARD = gnu11;
				GCC_DYNAMIC_NO_PIC = NO;
				GCC_NO_COMMON_BLOCKS = YES;
				GCC_OPTIMIZATION_LEVEL = 0;
				GCC_PREPROCESSOR_DEFINITIONS = (
					"DEBUG=1",
					"$(inherited)",
				);
				GCC_WARN_64_TO_32_BIT_CONVERSION = YES;
				GCC_WARN_ABOUT_RETURN_TYPE = YES_ERROR;
				GCC_WARN_UNDECLARED_SELECTOR = YES;
				GCC_WARN_UNINITIALIZED_AUTOS = YES_AGGRESSIVE;
				GCC_WARN_UNUSED_FUNCTION = YES;
				GCC_WARN_UNUSED_VARIABLE = YES;
				MACOSX_DEPLOYMENT_TARGET = 10.13;
				MTL_ENABLE_DEBUG_INFO = INCLUDE_SOURCE;
				MTL_FAST_MATH = YES;
				ONLY_ACTIVE_ARCH = YES;
				SDKROOT = macosx;
				SWIFT_ACTIVE_COMPILATION_CONDITIONS = DEBUG;
				SWIFT_OPTIMIZATION_LEVEL = "-Onone";
			};
			name = Debug;
		};
		2D3F8FB4218586290095ACD7 /* Release */ = {
			isa = XCBuildConfiguration;
			buildSettings = {
				ALWAYS_SEARCH_USER_PATHS = NO;
				CLANG_ANALYZER_LOCALIZABILITY_NONLOCALIZED = YES;
				CLANG_ANALYZER_NONNULL = YES;
				CLANG_ANALYZER_NUMBER_OBJECT_CONVERSION = YES_AGGRESSIVE;
				CLANG_CXX_LANGUAGE_STANDARD = "gnu++14";
				CLANG_CXX_LIBRARY = "libc++";
				CLANG_ENABLE_MODULES = YES;
				CLANG_ENABLE_OBJC_ARC = YES;
				CLANG_ENABLE_OBJC_WEAK = YES;
				CLANG_WARN_BLOCK_CAPTURE_AUTORELEASING = YES;
				CLANG_WARN_BOOL_CONVERSION = YES;
				CLANG_WARN_COMMA = YES;
				CLANG_WARN_CONSTANT_CONVERSION = YES;
				CLANG_WARN_DEPRECATED_OBJC_IMPLEMENTATIONS = YES;
				CLANG_WARN_DIRECT_OBJC_ISA_USAGE = YES_ERROR;
				CLANG_WARN_DOCUMENTATION_COMMENTS = YES;
				CLANG_WARN_EMPTY_BODY = YES;
				CLANG_WARN_ENUM_CONVERSION = YES;
				CLANG_WARN_INFINITE_RECURSION = YES;
				CLANG_WARN_INT_CONVERSION = YES;
				CLANG_WARN_NON_LITERAL_NULL_CONVERSION = YES;
				CLANG_WARN_OBJC_IMPLICIT_RETAIN_SELF = YES;
				CLANG_WARN_OBJC_LITERAL_CONVERSION = YES;
				CLANG_WARN_OBJC_ROOT_CLASS = YES_ERROR;
				CLANG_WARN_RANGE_LOOP_ANALYSIS = YES;
				CLANG_WARN_STRICT_PROTOTYPES = YES;
				CLANG_WARN_SUSPICIOUS_MOVE = YES;
				CLANG_WARN_UNGUARDED_AVAILABILITY = YES_AGGRESSIVE;
				CLANG_WARN_UNREACHABLE_CODE = YES;
				CLANG_WARN__DUPLICATE_METHOD_MATCH = YES;
				CODE_SIGN_IDENTITY = "Mac Developer";
				COPY_PHASE_STRIP = NO;
				DEBUG_INFORMATION_FORMAT = "dwarf-with-dsym";
				ENABLE_NS_ASSERTIONS = NO;
				ENABLE_STRICT_OBJC_MSGSEND = YES;
				GCC_C_LANGUAGE_STANDARD = gnu11;
				GCC_NO_COMMON_BLOCKS = YES;
				GCC_WARN_64_TO_32_BIT_CONVERSION = YES;
				GCC_WARN_ABOUT_RETURN_TYPE = YES_ERROR;
				GCC_WARN_UNDECLARED_SELECTOR = YES;
				GCC_WARN_UNINITIALIZED_AUTOS = YES_AGGRESSIVE;
				GCC_WARN_UNUSED_FUNCTION = YES;
				GCC_WARN_UNUSED_VARIABLE = YES;
				MACOSX_DEPLOYMENT_TARGET = 10.13;
				MTL_ENABLE_DEBUG_INFO = NO;
				MTL_FAST_MATH = YES;
				SDKROOT = macosx;
				SWIFT_COMPILATION_MODE = wholemodule;
				SWIFT_OPTIMIZATION_LEVEL = "-O";
			};
			name = Release;
		};
		2D3F8FB6218586290095ACD7 /* Debug */ = {
			isa = XCBuildConfiguration;
			buildSettings = {
				ALWAYS_EMBED_SWIFT_STANDARD_LIBRARIES = YES;
				ASSETCATALOG_COMPILER_APPICON_NAME = AppIcon;
				CODE_SIGN_ENTITLEMENTS = "Open Access Helper/libHelper.entitlements";
				CODE_SIGN_IDENTITY = "Apple Development";
				CODE_SIGN_STYLE = Automatic;
				COMBINE_HIDPI_IMAGES = YES;
				CURRENT_PROJECT_VERSION = 150;
				DEVELOPMENT_TEAM = J3PNNM2UXC;
				ENABLE_HARDENED_RUNTIME = YES;
				INFOPLIST_FILE = "$(SRCROOT)/Open Access Helper/Info.plist";
				LD_RUNPATH_SEARCH_PATHS = (
					"$(inherited)",
					"@executable_path/../Frameworks",
				);
				MACOSX_DEPLOYMENT_TARGET = 10.13;
				MARKETING_VERSION = 2020.5;
				PRODUCT_BUNDLE_IDENTIFIER = net.otzberg.libHelper;
				PRODUCT_NAME = "$(TARGET_NAME)";
				PROVISIONING_PROFILE_SPECIFIER = "";
				SWIFT_VERSION = 5.0;
			};
			name = Debug;
		};
		2D3F8FB7218586290095ACD7 /* Release */ = {
			isa = XCBuildConfiguration;
			buildSettings = {
				ALWAYS_EMBED_SWIFT_STANDARD_LIBRARIES = YES;
				ASSETCATALOG_COMPILER_APPICON_NAME = AppIcon;
				CODE_SIGN_ENTITLEMENTS = "Open Access Helper/libHelper.entitlements";
				CODE_SIGN_IDENTITY = "Apple Development";
				CODE_SIGN_STYLE = Automatic;
				COMBINE_HIDPI_IMAGES = YES;
				CURRENT_PROJECT_VERSION = 150;
				DEVELOPMENT_TEAM = J3PNNM2UXC;
				ENABLE_HARDENED_RUNTIME = YES;
				INFOPLIST_FILE = "$(SRCROOT)/Open Access Helper/Info.plist";
				LD_RUNPATH_SEARCH_PATHS = (
					"$(inherited)",
					"@executable_path/../Frameworks",
				);
				MACOSX_DEPLOYMENT_TARGET = 10.13;
				MARKETING_VERSION = 2020.5;
				PRODUCT_BUNDLE_IDENTIFIER = net.otzberg.libHelper;
				PRODUCT_NAME = "$(TARGET_NAME)";
				PROVISIONING_PROFILE_SPECIFIER = "";
				SWIFT_VERSION = 5.0;
			};
			name = Release;
		};
		2D3F8FD22185863C0095ACD7 /* Debug */ = {
			isa = XCBuildConfiguration;
			buildSettings = {
				CODE_SIGN_ENTITLEMENTS = "Open Access Helper Safari/libHelper Safari.entitlements";
				CODE_SIGN_IDENTITY = "Apple Development";
				CODE_SIGN_STYLE = Automatic;
				CURRENT_PROJECT_VERSION = 150;
				DEVELOPMENT_TEAM = J3PNNM2UXC;
				ENABLE_HARDENED_RUNTIME = YES;
				INFOPLIST_FILE = "$(SRCROOT)/Open Access Helper Safari/Info.plist";
				LD_RUNPATH_SEARCH_PATHS = (
					"$(inherited)",
					"@executable_path/../Frameworks",
					"@executable_path/../../../../Frameworks",
				);
				MACOSX_DEPLOYMENT_TARGET = 10.13;
				MARKETING_VERSION = 2020.5;
				PRODUCT_BUNDLE_IDENTIFIER = "net.otzberg.libHelper.libHelper-Safari";
				PRODUCT_NAME = "$(TARGET_NAME)";
				SKIP_INSTALL = YES;
				SWIFT_VERSION = 5.0;
			};
			name = Debug;
		};
		2D3F8FD32185863C0095ACD7 /* Release */ = {
			isa = XCBuildConfiguration;
			buildSettings = {
				CODE_SIGN_ENTITLEMENTS = "Open Access Helper Safari/libHelper Safari.entitlements";
				CODE_SIGN_IDENTITY = "Apple Development";
				CODE_SIGN_STYLE = Automatic;
				CURRENT_PROJECT_VERSION = 150;
				DEVELOPMENT_TEAM = J3PNNM2UXC;
				ENABLE_HARDENED_RUNTIME = YES;
				INFOPLIST_FILE = "$(SRCROOT)/Open Access Helper Safari/Info.plist";
				LD_RUNPATH_SEARCH_PATHS = (
					"$(inherited)",
					"@executable_path/../Frameworks",
					"@executable_path/../../../../Frameworks",
				);
				MACOSX_DEPLOYMENT_TARGET = 10.13;
				MARKETING_VERSION = 2020.5;
				PRODUCT_BUNDLE_IDENTIFIER = "net.otzberg.libHelper.libHelper-Safari";
				PRODUCT_NAME = "$(TARGET_NAME)";
				SKIP_INSTALL = YES;
				SWIFT_VERSION = 5.0;
			};
			name = Release;
		};
/* End XCBuildConfiguration section */

/* Begin XCConfigurationList section */
		2D3F8F9D218586290095ACD7 /* Build configuration list for PBXProject "Open Access Helper" */ = {
			isa = XCConfigurationList;
			buildConfigurations = (
				2D3F8FB3218586290095ACD7 /* Debug */,
				2D3F8FB4218586290095ACD7 /* Release */,
			);
			defaultConfigurationIsVisible = 0;
			defaultConfigurationName = Release;
		};
		2D3F8FB5218586290095ACD7 /* Build configuration list for PBXNativeTarget "Open Access Helper" */ = {
			isa = XCConfigurationList;
			buildConfigurations = (
				2D3F8FB6218586290095ACD7 /* Debug */,
				2D3F8FB7218586290095ACD7 /* Release */,
			);
			defaultConfigurationIsVisible = 0;
			defaultConfigurationName = Release;
		};
		2D3F8FD12185863C0095ACD7 /* Build configuration list for PBXNativeTarget "Open Access Helper Safari" */ = {
			isa = XCConfigurationList;
			buildConfigurations = (
				2D3F8FD22185863C0095ACD7 /* Debug */,
				2D3F8FD32185863C0095ACD7 /* Release */,
			);
			defaultConfigurationIsVisible = 0;
			defaultConfigurationName = Release;
		};
/* End XCConfigurationList section */

/* Begin XCVersionGroup section */
		2D3F8FA9218586290095ACD7 /* libHelper.xcdatamodeld */ = {
			isa = XCVersionGroup;
			children = (
				2D3F8FAA218586290095ACD7 /* libHelper.xcdatamodel */,
			);
			currentVersion = 2D3F8FAA218586290095ACD7 /* libHelper.xcdatamodel */;
			path = libHelper.xcdatamodeld;
			sourceTree = "<group>";
			versionGroupType = wrapper.xcdatamodel;
		};
/* End XCVersionGroup section */
	};
	rootObject = 2D3F8F9A218586290095ACD7 /* Project object */;
}
